// !$*UTF8*$!
{
	archiveVersion = 1;
	classes = {
	};
	objectVersion = 56;
	objects = {

/* Begin PBXBuildFile section */
		78CAB42D2A8F2F7400C555A1 /* my_2048App.swift in Sources */ = {isa = PBXBuildFile; fileRef = 78CAB42C2A8F2F7400C555A1 /* my_2048App.swift */; };
		78CAB42F2A8F2F7400C555A1 /* ContentView.swift in Sources */ = {isa = PBXBuildFile; fileRef = 78CAB42E2A8F2F7400C555A1 /* ContentView.swift */; };
		78CAB4312A8F2F7500C555A1 /* Assets.xcassets in Resources */ = {isa = PBXBuildFile; fileRef = 78CAB4302A8F2F7500C555A1 /* Assets.xcassets */; };
		78CAB4342A8F2F7500C555A1 /* Preview Assets.xcassets in Resources */ = {isa = PBXBuildFile; fileRef = 78CAB4332A8F2F7500C555A1 /* Preview Assets.xcassets */; };
		F785CB8F2A975F2D00DD6092 /* MenuView.swift in Sources */ = {isa = PBXBuildFile; fileRef = F785CB8E2A975F2D00DD6092 /* MenuView.swift */; };
		F785CB912A979B8800DD6092 /* DifficultySelectionView.swift in Sources */ = {isa = PBXBuildFile; fileRef = F785CB902A979B8800DD6092 /* DifficultySelectionView.swift */; };
		F78DC77E2A947A970095DCC1 /* SwiftUIExtensions.swift in Sources */ = {isa = PBXBuildFile; fileRef = F78DC77D2A947A970095DCC1 /* SwiftUIExtensions.swift */; };
		F78DC7802A947AAD0095DCC1 /* FunctionalUtils.swift in Sources */ = {isa = PBXBuildFile; fileRef = F78DC77F2A947AAD0095DCC1 /* FunctionalUtils.swift */; };
		F78DC7822A947AF20095DCC1 /* BlockColorScheme.swift in Sources */ = {isa = PBXBuildFile; fileRef = F78DC7812A947AF20095DCC1 /* BlockColorScheme.swift */; };
		F78DC7842A947CA70095DCC1 /* BlockView.swift in Sources */ = {isa = PBXBuildFile; fileRef = F78DC7832A947CA70095DCC1 /* BlockView.swift */; };
		F78DC7862A947CCD0095DCC1 /* BlockGridView.swift in Sources */ = {isa = PBXBuildFile; fileRef = F78DC7852A947CCD0095DCC1 /* BlockGridView.swift */; };
		F78DC7882A947CDC0095DCC1 /* GameView.swift in Sources */ = {isa = PBXBuildFile; fileRef = F78DC7872A947CDC0095DCC1 /* GameView.swift */; };
		F78DC78A2A947CF40095DCC1 /* IdentifiedBlock.swift in Sources */ = {isa = PBXBuildFile; fileRef = F78DC7892A947CF40095DCC1 /* IdentifiedBlock.swift */; };
		F78DC78D2A947D060095DCC1 /* BlockMatrix.swift in Sources */ = {isa = PBXBuildFile; fileRef = F78DC78C2A947D060095DCC1 /* BlockMatrix.swift */; };
		F78DC78F2A947D1A0095DCC1 /* GameLogic.swift in Sources */ = {isa = PBXBuildFile; fileRef = F78DC78E2A947D1A0095DCC1 /* GameLogic.swift */; };
/* End PBXBuildFile section */

/* Begin PBXContainerItemProxy section */
		78CAB43B2A8F2F7500C555A1 /* PBXContainerItemProxy */ = {
			isa = PBXContainerItemProxy;
			containerPortal = 78CAB4212A8F2F7400C555A1 /* Project object */;
			proxyType = 1;
			remoteGlobalIDString = 78CAB4282A8F2F7400C555A1;
			remoteInfo = "my-2048";
		};
		78CAB4452A8F2F7500C555A1 /* PBXContainerItemProxy */ = {
			isa = PBXContainerItemProxy;
			containerPortal = 78CAB4212A8F2F7400C555A1 /* Project object */;
			proxyType = 1;
			remoteGlobalIDString = 78CAB4282A8F2F7400C555A1;
			remoteInfo = "my-2048";
		};
/* End PBXContainerItemProxy section */

/* Begin PBXFileReference section */
		78CAB4292A8F2F7400C555A1 /* my-2048.app */ = {isa = PBXFileReference; explicitFileType = wrapper.application; includeInIndex = 0; path = "my-2048.app"; sourceTree = BUILT_PRODUCTS_DIR; };
		78CAB42C2A8F2F7400C555A1 /* my_2048App.swift */ = {isa = PBXFileReference; lastKnownFileType = sourcecode.swift; path = my_2048App.swift; sourceTree = "<group>"; };
		78CAB42E2A8F2F7400C555A1 /* ContentView.swift */ = {isa = PBXFileReference; lastKnownFileType = sourcecode.swift; path = ContentView.swift; sourceTree = "<group>"; };
		78CAB4302A8F2F7500C555A1 /* Assets.xcassets */ = {isa = PBXFileReference; lastKnownFileType = folder.assetcatalog; path = Assets.xcassets; sourceTree = "<group>"; };
		78CAB4332A8F2F7500C555A1 /* Preview Assets.xcassets */ = {isa = PBXFileReference; lastKnownFileType = folder.assetcatalog; path = "Preview Assets.xcassets"; sourceTree = "<group>"; };
		78CAB4352A8F2F7500C555A1 /* my_2048.entitlements */ = {isa = PBXFileReference; lastKnownFileType = text.plist.entitlements; path = my_2048.entitlements; sourceTree = "<group>"; };
		78CAB43A2A8F2F7500C555A1 /* my-2048Tests.xctest */ = {isa = PBXFileReference; explicitFileType = wrapper.cfbundle; includeInIndex = 0; path = "my-2048Tests.xctest"; sourceTree = BUILT_PRODUCTS_DIR; };
		78CAB4442A8F2F7500C555A1 /* my-2048UITests.xctest */ = {isa = PBXFileReference; explicitFileType = wrapper.cfbundle; includeInIndex = 0; path = "my-2048UITests.xctest"; sourceTree = BUILT_PRODUCTS_DIR; };
		F785CB8E2A975F2D00DD6092 /* MenuView.swift */ = {isa = PBXFileReference; lastKnownFileType = sourcecode.swift; path = MenuView.swift; sourceTree = "<group>"; };
		F785CB902A979B8800DD6092 /* DifficultySelectionView.swift */ = {isa = PBXFileReference; lastKnownFileType = sourcecode.swift; path = DifficultySelectionView.swift; sourceTree = "<group>"; };
		F78DC77D2A947A970095DCC1 /* SwiftUIExtensions.swift */ = {isa = PBXFileReference; lastKnownFileType = sourcecode.swift; path = SwiftUIExtensions.swift; sourceTree = "<group>"; };
		F78DC77F2A947AAD0095DCC1 /* FunctionalUtils.swift */ = {isa = PBXFileReference; lastKnownFileType = sourcecode.swift; path = FunctionalUtils.swift; sourceTree = "<group>"; };
		F78DC7812A947AF20095DCC1 /* BlockColorScheme.swift */ = {isa = PBXFileReference; lastKnownFileType = sourcecode.swift; path = BlockColorScheme.swift; sourceTree = "<group>"; };
		F78DC7832A947CA70095DCC1 /* BlockView.swift */ = {isa = PBXFileReference; lastKnownFileType = sourcecode.swift; path = BlockView.swift; sourceTree = "<group>"; };
		F78DC7852A947CCD0095DCC1 /* BlockGridView.swift */ = {isa = PBXFileReference; lastKnownFileType = sourcecode.swift; path = BlockGridView.swift; sourceTree = "<group>"; };
		F78DC7872A947CDC0095DCC1 /* GameView.swift */ = {isa = PBXFileReference; lastKnownFileType = sourcecode.swift; path = GameView.swift; sourceTree = "<group>"; };
		F78DC7892A947CF40095DCC1 /* IdentifiedBlock.swift */ = {isa = PBXFileReference; lastKnownFileType = sourcecode.swift; path = IdentifiedBlock.swift; sourceTree = "<group>"; };
		F78DC78C2A947D060095DCC1 /* BlockMatrix.swift */ = {isa = PBXFileReference; lastKnownFileType = sourcecode.swift; path = BlockMatrix.swift; sourceTree = "<group>"; };
		F78DC78E2A947D1A0095DCC1 /* GameLogic.swift */ = {isa = PBXFileReference; lastKnownFileType = sourcecode.swift; path = GameLogic.swift; sourceTree = "<group>"; };
/* End PBXFileReference section */

/* Begin PBXFrameworksBuildPhase section */
		78CAB4262A8F2F7400C555A1 /* Frameworks */ = {
			isa = PBXFrameworksBuildPhase;
			buildActionMask = 2147483647;
			files = (
			);
			runOnlyForDeploymentPostprocessing = 0;
		};
		78CAB4372A8F2F7500C555A1 /* Frameworks */ = {
			isa = PBXFrameworksBuildPhase;
			buildActionMask = 2147483647;
			files = (
			);
			runOnlyForDeploymentPostprocessing = 0;
		};
		78CAB4412A8F2F7500C555A1 /* Frameworks */ = {
			isa = PBXFrameworksBuildPhase;
			buildActionMask = 2147483647;
			files = (
			);
			runOnlyForDeploymentPostprocessing = 0;
		};
/* End PBXFrameworksBuildPhase section */

/* Begin PBXGroup section */
		78CAB4202A8F2F7400C555A1 = {
			isa = PBXGroup;
			children = (
				78CAB42B2A8F2F7400C555A1 /* my-2048 */,
				78CAB42A2A8F2F7400C555A1 /* Products */,
			);
			sourceTree = "<group>";
		};
		78CAB42A2A8F2F7400C555A1 /* Products */ = {
			isa = PBXGroup;
			children = (
				78CAB4292A8F2F7400C555A1 /* my-2048.app */,
				78CAB43A2A8F2F7500C555A1 /* my-2048Tests.xctest */,
				78CAB4442A8F2F7500C555A1 /* my-2048UITests.xctest */,
			);
			name = Products;
			sourceTree = "<group>";
		};
		78CAB42B2A8F2F7400C555A1 /* my-2048 */ = {
			isa = PBXGroup;
			children = (
				78CAB42C2A8F2F7400C555A1 /* my_2048App.swift */,
				78CAB42E2A8F2F7400C555A1 /* ContentView.swift */,
				F78DC7792A9478BF0095DCC1 /* Utils */,
				F78DC77B2A9478D50095DCC1 /* Views */,
				F78DC77C2A9478E10095DCC1 /* Models */,
				78CAB4302A8F2F7500C555A1 /* Assets.xcassets */,
				78CAB4352A8F2F7500C555A1 /* my_2048.entitlements */,
				78CAB4322A8F2F7500C555A1 /* Preview Content */,
			);
			path = "my-2048";
			sourceTree = "<group>";
		};
		78CAB4322A8F2F7500C555A1 /* Preview Content */ = {
			isa = PBXGroup;
			children = (
				78CAB4332A8F2F7500C555A1 /* Preview Assets.xcassets */,
			);
			path = "Preview Content";
			sourceTree = "<group>";
		};
		F785CB8C2A975EC500DD6092 /* GameView */ = {
			isa = PBXGroup;
			children = (
				F78DC7832A947CA70095DCC1 /* BlockView.swift */,
				F78DC7852A947CCD0095DCC1 /* BlockGridView.swift */,
				F78DC7872A947CDC0095DCC1 /* GameView.swift */,
			);
			path = GameView;
			sourceTree = "<group>";
		};
		F785CB8D2A975F0B00DD6092 /* MenuView */ = {
			isa = PBXGroup;
			children = (
				F785CB8E2A975F2D00DD6092 /* MenuView.swift */,
				F785CB902A979B8800DD6092 /* DifficultySelectionView.swift */,
			);
			path = MenuView;
			sourceTree = "<group>";
		};
		F78DC7792A9478BF0095DCC1 /* Utils */ = {
			isa = PBXGroup;
			children = (
				F78DC77D2A947A970095DCC1 /* SwiftUIExtensions.swift */,
				F78DC77F2A947AAD0095DCC1 /* FunctionalUtils.swift */,
				F78DC7812A947AF20095DCC1 /* BlockColorScheme.swift */,
			);
			path = Utils;
			sourceTree = "<group>";
		};
		F78DC77B2A9478D50095DCC1 /* Views */ = {
			isa = PBXGroup;
			children = (
				F785CB8D2A975F0B00DD6092 /* MenuView */,
				F785CB8C2A975EC500DD6092 /* GameView */,
			);
			path = Views;
			sourceTree = "<group>";
		};
		F78DC77C2A9478E10095DCC1 /* Models */ = {
			isa = PBXGroup;
			children = (
				F78DC7892A947CF40095DCC1 /* IdentifiedBlock.swift */,
				F78DC78C2A947D060095DCC1 /* BlockMatrix.swift */,
				F78DC78E2A947D1A0095DCC1 /* GameLogic.swift */,
			);
			path = Models;
			sourceTree = "<group>";
		};
/* End PBXGroup section */

/* Begin PBXNativeTarget section */
		78CAB4282A8F2F7400C555A1 /* my-2048 */ = {
			isa = PBXNativeTarget;
			buildConfigurationList = 78CAB44E2A8F2F7500C555A1 /* Build configuration list for PBXNativeTarget "my-2048" */;
			buildPhases = (
				78CAB4252A8F2F7400C555A1 /* Sources */,
				78CAB4262A8F2F7400C555A1 /* Frameworks */,
				78CAB4272A8F2F7400C555A1 /* Resources */,
			);
			buildRules = (
			);
			dependencies = (
			);
			name = "my-2048";
			productName = "my-2048";
			productReference = 78CAB4292A8F2F7400C555A1 /* my-2048.app */;
			productType = "com.apple.product-type.application";
		};
		78CAB4392A8F2F7500C555A1 /* my-2048Tests */ = {
			isa = PBXNativeTarget;
			buildConfigurationList = 78CAB4512A8F2F7500C555A1 /* Build configuration list for PBXNativeTarget "my-2048Tests" */;
			buildPhases = (
				78CAB4362A8F2F7500C555A1 /* Sources */,
				78CAB4372A8F2F7500C555A1 /* Frameworks */,
				78CAB4382A8F2F7500C555A1 /* Resources */,
			);
			buildRules = (
			);
			dependencies = (
				78CAB43C2A8F2F7500C555A1 /* PBXTargetDependency */,
			);
			name = "my-2048Tests";
			productName = "my-2048Tests";
			productReference = 78CAB43A2A8F2F7500C555A1 /* my-2048Tests.xctest */;
			productType = "com.apple.product-type.bundle.unit-test";
		};
		78CAB4432A8F2F7500C555A1 /* my-2048UITests */ = {
			isa = PBXNativeTarget;
			buildConfigurationList = 78CAB4542A8F2F7500C555A1 /* Build configuration list for PBXNativeTarget "my-2048UITests" */;
			buildPhases = (
				78CAB4402A8F2F7500C555A1 /* Sources */,
				78CAB4412A8F2F7500C555A1 /* Frameworks */,
				78CAB4422A8F2F7500C555A1 /* Resources */,
			);
			buildRules = (
			);
			dependencies = (
				78CAB4462A8F2F7500C555A1 /* PBXTargetDependency */,
			);
			name = "my-2048UITests";
			productName = "my-2048UITests";
			productReference = 78CAB4442A8F2F7500C555A1 /* my-2048UITests.xctest */;
			productType = "com.apple.product-type.bundle.ui-testing";
		};
/* End PBXNativeTarget section */

/* Begin PBXProject section */
		78CAB4212A8F2F7400C555A1 /* Project object */ = {
			isa = PBXProject;
			attributes = {
				BuildIndependentTargetsInParallel = 1;
				LastSwiftUpdateCheck = 1430;
				LastUpgradeCheck = 1430;
				TargetAttributes = {
					78CAB4282A8F2F7400C555A1 = {
						CreatedOnToolsVersion = 14.3.1;
					};
					78CAB4392A8F2F7500C555A1 = {
						CreatedOnToolsVersion = 14.3.1;
						TestTargetID = 78CAB4282A8F2F7400C555A1;
					};
					78CAB4432A8F2F7500C555A1 = {
						CreatedOnToolsVersion = 14.3.1;
						TestTargetID = 78CAB4282A8F2F7400C555A1;
					};
				};
			};
			buildConfigurationList = 78CAB4242A8F2F7400C555A1 /* Build configuration list for PBXProject "my-2048" */;
			compatibilityVersion = "Xcode 14.0";
			developmentRegion = en;
			hasScannedForEncodings = 0;
			knownRegions = (
				en,
				Base,
			);
			mainGroup = 78CAB4202A8F2F7400C555A1;
			productRefGroup = 78CAB42A2A8F2F7400C555A1 /* Products */;
			projectDirPath = "";
			projectRoot = "";
			targets = (
				78CAB4282A8F2F7400C555A1 /* my-2048 */,
				78CAB4392A8F2F7500C555A1 /* my-2048Tests */,
				78CAB4432A8F2F7500C555A1 /* my-2048UITests */,
			);
		};
/* End PBXProject section */

/* Begin PBXResourcesBuildPhase section */
		78CAB4272A8F2F7400C555A1 /* Resources */ = {
			isa = PBXResourcesBuildPhase;
			buildActionMask = 2147483647;
			files = (
				78CAB4342A8F2F7500C555A1 /* Preview Assets.xcassets in Resources */,
				78CAB4312A8F2F7500C555A1 /* Assets.xcassets in Resources */,
			);
			runOnlyForDeploymentPostprocessing = 0;
		};
		78CAB4382A8F2F7500C555A1 /* Resources */ = {
			isa = PBXResourcesBuildPhase;
			buildActionMask = 2147483647;
			files = (
			);
			runOnlyForDeploymentPostprocessing = 0;
		};
		78CAB4422A8F2F7500C555A1 /* Resources */ = {
			isa = PBXResourcesBuildPhase;
			buildActionMask = 2147483647;
			files = (
			);
			runOnlyForDeploymentPostprocessing = 0;
		};
/* End PBXResourcesBuildPhase section */

/* Begin PBXSourcesBuildPhase section */
		78CAB4252A8F2F7400C555A1 /* Sources */ = {
			isa = PBXSourcesBuildPhase;
			buildActionMask = 2147483647;
			files = (
				F78DC7802A947AAD0095DCC1 /* FunctionalUtils.swift in Sources */,
				F785CB912A979B8800DD6092 /* DifficultySelectionView.swift in Sources */,
				F785CB8F2A975F2D00DD6092 /* MenuView.swift in Sources */,
				F78DC78F2A947D1A0095DCC1 /* GameLogic.swift in Sources */,
				F78DC77E2A947A970095DCC1 /* SwiftUIExtensions.swift in Sources */,
				F78DC78D2A947D060095DCC1 /* BlockMatrix.swift in Sources */,
				F78DC7822A947AF20095DCC1 /* BlockColorScheme.swift in Sources */,
				F78DC7862A947CCD0095DCC1 /* BlockGridView.swift in Sources */,
				F78DC78A2A947CF40095DCC1 /* IdentifiedBlock.swift in Sources */,
				78CAB42F2A8F2F7400C555A1 /* ContentView.swift in Sources */,
				F78DC7842A947CA70095DCC1 /* BlockView.swift in Sources */,
				F78DC7882A947CDC0095DCC1 /* GameView.swift in Sources */,
				78CAB42D2A8F2F7400C555A1 /* my_2048App.swift in Sources */,
			);
			runOnlyForDeploymentPostprocessing = 0;
		};
		78CAB4362A8F2F7500C555A1 /* Sources */ = {
			isa = PBXSourcesBuildPhase;
			buildActionMask = 2147483647;
			files = (
			);
			runOnlyForDeploymentPostprocessing = 0;
		};
		78CAB4402A8F2F7500C555A1 /* Sources */ = {
			isa = PBXSourcesBuildPhase;
			buildActionMask = 2147483647;
			files = (
			);
			runOnlyForDeploymentPostprocessing = 0;
		};
/* End PBXSourcesBuildPhase section */

/* Begin PBXTargetDependency section */
		78CAB43C2A8F2F7500C555A1 /* PBXTargetDependency */ = {
			isa = PBXTargetDependency;
			target = 78CAB4282A8F2F7400C555A1 /* my-2048 */;
			targetProxy = 78CAB43B2A8F2F7500C555A1 /* PBXContainerItemProxy */;
		};
		78CAB4462A8F2F7500C555A1 /* PBXTargetDependency */ = {
			isa = PBXTargetDependency;
			target = 78CAB4282A8F2F7400C555A1 /* my-2048 */;
			targetProxy = 78CAB4452A8F2F7500C555A1 /* PBXContainerItemProxy */;
		};
/* End PBXTargetDependency section */

/* Begin XCBuildConfiguration section */
		78CAB44C2A8F2F7500C555A1 /* Debug */ = {
			isa = XCBuildConfiguration;
			buildSettings = {
				ALWAYS_SEARCH_USER_PATHS = NO;
				CLANG_ANALYZER_NONNULL = YES;
				CLANG_ANALYZER_NUMBER_OBJECT_CONVERSION = YES_AGGRESSIVE;
				CLANG_CXX_LANGUAGE_STANDARD = "gnu++20";
				CLANG_ENABLE_MODULES = YES;
				CLANG_ENABLE_OBJC_ARC = YES;
				CLANG_ENABLE_OBJC_WEAK = YES;
				CLANG_WARN_BLOCK_CAPTURE_AUTORELEASING = YES;
				CLANG_WARN_BOOL_CONVERSION = YES;
				CLANG_WARN_COMMA = YES;
				CLANG_WARN_CONSTANT_CONVERSION = YES;
				CLANG_WARN_DEPRECATED_OBJC_IMPLEMENTATIONS = YES;
				CLANG_WARN_DIRECT_OBJC_ISA_USAGE = YES_ERROR;
				CLANG_WARN_DOCUMENTATION_COMMENTS = YES;
				CLANG_WARN_EMPTY_BODY = YES;
				CLANG_WARN_ENUM_CONVERSION = YES;
				CLANG_WARN_INFINITE_RECURSION = YES;
				CLANG_WARN_INT_CONVERSION = YES;
				CLANG_WARN_NON_LITERAL_NULL_CONVERSION = YES;
				CLANG_WARN_OBJC_IMPLICIT_RETAIN_SELF = YES;
				CLANG_WARN_OBJC_LITERAL_CONVERSION = YES;
				CLANG_WARN_OBJC_ROOT_CLASS = YES_ERROR;
				CLANG_WARN_QUOTED_INCLUDE_IN_FRAMEWORK_HEADER = YES;
				CLANG_WARN_RANGE_LOOP_ANALYSIS = YES;
				CLANG_WARN_STRICT_PROTOTYPES = YES;
				CLANG_WARN_SUSPICIOUS_MOVE = YES;
				CLANG_WARN_UNGUARDED_AVAILABILITY = YES_AGGRESSIVE;
				CLANG_WARN_UNREACHABLE_CODE = YES;
				CLANG_WARN__DUPLICATE_METHOD_MATCH = YES;
				COPY_PHASE_STRIP = NO;
				DEBUG_INFORMATION_FORMAT = dwarf;
				ENABLE_STRICT_OBJC_MSGSEND = YES;
				ENABLE_TESTABILITY = YES;
				GCC_C_LANGUAGE_STANDARD = gnu11;
				GCC_DYNAMIC_NO_PIC = NO;
				GCC_NO_COMMON_BLOCKS = YES;
				GCC_OPTIMIZATION_LEVEL = 0;
				GCC_PREPROCESSOR_DEFINITIONS = (
					"DEBUG=1",
					"$(inherited)",
				);
				GCC_WARN_64_TO_32_BIT_CONVERSION = YES;
				GCC_WARN_ABOUT_RETURN_TYPE = YES_ERROR;
				GCC_WARN_UNDECLARED_SELECTOR = YES;
				GCC_WARN_UNINITIALIZED_AUTOS = YES_AGGRESSIVE;
				GCC_WARN_UNUSED_FUNCTION = YES;
				GCC_WARN_UNUSED_VARIABLE = YES;
				MACOSX_DEPLOYMENT_TARGET = 13.3;
				MTL_ENABLE_DEBUG_INFO = INCLUDE_SOURCE;
				MTL_FAST_MATH = YES;
				ONLY_ACTIVE_ARCH = YES;
				SDKROOT = macosx;
				SWIFT_ACTIVE_COMPILATION_CONDITIONS = DEBUG;
				SWIFT_OPTIMIZATION_LEVEL = "-Onone";
			};
			name = Debug;
		};
		78CAB44D2A8F2F7500C555A1 /* Release */ = {
			isa = XCBuildConfiguration;
			buildSettings = {
				ALWAYS_SEARCH_USER_PATHS = NO;
				CLANG_ANALYZER_NONNULL = YES;
				CLANG_ANALYZER_NUMBER_OBJECT_CONVERSION = YES_AGGRESSIVE;
				CLANG_CXX_LANGUAGE_STANDARD = "gnu++20";
				CLANG_ENABLE_MODULES = YES;
				CLANG_ENABLE_OBJC_ARC = YES;
				CLANG_ENABLE_OBJC_WEAK = YES;
				CLANG_WARN_BLOCK_CAPTURE_AUTORELEASING = YES;
				CLANG_WARN_BOOL_CONVERSION = YES;
				CLANG_WARN_COMMA = YES;
				CLANG_WARN_CONSTANT_CONVERSION = YES;
				CLANG_WARN_DEPRECATED_OBJC_IMPLEMENTATIONS = YES;
				CLANG_WARN_DIRECT_OBJC_ISA_USAGE = YES_ERROR;
				CLANG_WARN_DOCUMENTATION_COMMENTS = YES;
				CLANG_WARN_EMPTY_BODY = YES;
				CLANG_WARN_ENUM_CONVERSION = YES;
				CLANG_WARN_INFINITE_RECURSION = YES;
				CLANG_WARN_INT_CONVERSION = YES;
				CLANG_WARN_NON_LITERAL_NULL_CONVERSION = YES;
				CLANG_WARN_OBJC_IMPLICIT_RETAIN_SELF = YES;
				CLANG_WARN_OBJC_LITERAL_CONVERSION = YES;
				CLANG_WARN_OBJC_ROOT_CLASS = YES_ERROR;
				CLANG_WARN_QUOTED_INCLUDE_IN_FRAMEWORK_HEADER = YES;
				CLANG_WARN_RANGE_LOOP_ANALYSIS = YES;
				CLANG_WARN_STRICT_PROTOTYPES = YES;
				CLANG_WARN_SUSPICIOUS_MOVE = YES;
				CLANG_WARN_UNGUARDED_AVAILABILITY = YES_AGGRESSIVE;
				CLANG_WARN_UNREACHABLE_CODE = YES;
				CLANG_WARN__DUPLICATE_METHOD_MATCH = YES;
				COPY_PHASE_STRIP = NO;
				DEBUG_INFORMATION_FORMAT = "dwarf-with-dsym";
				ENABLE_NS_ASSERTIONS = NO;
				ENABLE_STRICT_OBJC_MSGSEND = YES;
				GCC_C_LANGUAGE_STANDARD = gnu11;
				GCC_NO_COMMON_BLOCKS = YES;
				GCC_WARN_64_TO_32_BIT_CONVERSION = YES;
				GCC_WARN_ABOUT_RETURN_TYPE = YES_ERROR;
				GCC_WARN_UNDECLARED_SELECTOR = YES;
				GCC_WARN_UNINITIALIZED_AUTOS = YES_AGGRESSIVE;
				GCC_WARN_UNUSED_FUNCTION = YES;
				GCC_WARN_UNUSED_VARIABLE = YES;
				MACOSX_DEPLOYMENT_TARGET = 13.3;
				MTL_ENABLE_DEBUG_INFO = NO;
				MTL_FAST_MATH = YES;
				SDKROOT = macosx;
				SWIFT_COMPILATION_MODE = wholemodule;
				SWIFT_OPTIMIZATION_LEVEL = "-O";
			};
			name = Release;
		};
		78CAB44F2A8F2F7500C555A1 /* Debug */ = {
			isa = XCBuildConfiguration;
			buildSettings = {
				ASSETCATALOG_COMPILER_APPICON_NAME = AppIcon;
				ASSETCATALOG_COMPILER_GLOBAL_ACCENT_COLOR_NAME = AccentColor;
				CODE_SIGN_ENTITLEMENTS = "my-2048/my_2048.entitlements";
				CODE_SIGN_STYLE = Automatic;
				COMBINE_HIDPI_IMAGES = YES;
				CURRENT_PROJECT_VERSION = 1;
				DEVELOPMENT_ASSET_PATHS = "\"my-2048/Preview Content\"";
				ENABLE_PREVIEWS = YES;
				GENERATE_INFOPLIST_FILE = YES;
				INFOPLIST_KEY_NSHumanReadableCopyright = "";
				LD_RUNPATH_SEARCH_PATHS = (
					"$(inherited)",
					"@executable_path/../Frameworks",
				);
				MARKETING_VERSION = 1.0;
				PRODUCT_BUNDLE_IDENTIFIER = "rmit.edu.vn.minh.my-2048";
				PRODUCT_NAME = "$(TARGET_NAME)";
				SUPPORTED_PLATFORMS = "iphoneos iphonesimulator macosx";
				SUPPORTS_MACCATALYST = NO;
				SUPPORTS_MAC_DESIGNED_FOR_IPHONE_IPAD = NO;
				SWIFT_EMIT_LOC_STRINGS = YES;
				SWIFT_VERSION = 5.0;
				TARGETED_DEVICE_FAMILY = 1;
			};
			name = Debug;
		};
		78CAB4502A8F2F7500C555A1 /* Release */ = {
			isa = XCBuildConfiguration;
			buildSettings = {
				ASSETCATALOG_COMPILER_APPICON_NAME = AppIcon;
				ASSETCATALOG_COMPILER_GLOBAL_ACCENT_COLOR_NAME = AccentColor;
				CODE_SIGN_ENTITLEMENTS = "my-2048/my_2048.entitlements";
				CODE_SIGN_STYLE = Automatic;
				COMBINE_HIDPI_IMAGES = YES;
				CURRENT_PROJECT_VERSION = 1;
				DEVELOPMENT_ASSET_PATHS = "\"my-2048/Preview Content\"";
				ENABLE_PREVIEWS = YES;
				GENERATE_INFOPLIST_FILE = YES;
				INFOPLIST_KEY_NSHumanReadableCopyright = "";
				LD_RUNPATH_SEARCH_PATHS = (
					"$(inherited)",
					"@executable_path/../Frameworks",
				);
				MARKETING_VERSION = 1.0;
				PRODUCT_BUNDLE_IDENTIFIER = "rmit.edu.vn.minh.my-2048";
				PRODUCT_NAME = "$(TARGET_NAME)";
				SUPPORTED_PLATFORMS = "iphoneos iphonesimulator macosx";
				SUPPORTS_MACCATALYST = NO;
				SUPPORTS_MAC_DESIGNED_FOR_IPHONE_IPAD = NO;
				SWIFT_EMIT_LOC_STRINGS = YES;
				SWIFT_VERSION = 5.0;
				TARGETED_DEVICE_FAMILY = 1;
			};
			name = Release;
		};
		78CAB4522A8F2F7500C555A1 /* Debug */ = {
			isa = XCBuildConfiguration;
			buildSettings = {
				ALWAYS_EMBED_SWIFT_STANDARD_LIBRARIES = YES;
				BUNDLE_LOADER = "$(TEST_HOST)";
				CODE_SIGN_STYLE = Automatic;
				CURRENT_PROJECT_VERSION = 1;
				GENERATE_INFOPLIST_FILE = YES;
				MACOSX_DEPLOYMENT_TARGET = 13.3;
				MARKETING_VERSION = 1.0;
				PRODUCT_BUNDLE_IDENTIFIER = "rmit.edu.vn.minh.my-2048Tests";
				PRODUCT_NAME = "$(TARGET_NAME)";
				SWIFT_EMIT_LOC_STRINGS = NO;
				SWIFT_VERSION = 5.0;
				TEST_HOST = "$(BUILT_PRODUCTS_DIR)/my-2048.app/$(BUNDLE_EXECUTABLE_FOLDER_PATH)/my-2048";
			};
			name = Debug;
		};
		78CAB4532A8F2F7500C555A1 /* Release */ = {
			isa = XCBuildConfiguration;
			buildSettings = {
				ALWAYS_EMBED_SWIFT_STANDARD_LIBRARIES = YES;
				BUNDLE_LOADER = "$(TEST_HOST)";
				CODE_SIGN_STYLE = Automatic;
				CURRENT_PROJECT_VERSION = 1;
				GENERATE_INFOPLIST_FILE = YES;
				MACOSX_DEPLOYMENT_TARGET = 13.3;
				MARKETING_VERSION = 1.0;
				PRODUCT_BUNDLE_IDENTIFIER = "rmit.edu.vn.minh.my-2048Tests";
				PRODUCT_NAME = "$(TARGET_NAME)";
				SWIFT_EMIT_LOC_STRINGS = NO;
				SWIFT_VERSION = 5.0;
				TEST_HOST = "$(BUILT_PRODUCTS_DIR)/my-2048.app/$(BUNDLE_EXECUTABLE_FOLDER_PATH)/my-2048";
			};
			name = Release;
		};
		78CAB4552A8F2F7500C555A1 /* Debug */ = {
			isa = XCBuildConfiguration;
			buildSettings = {
				ALWAYS_EMBED_SWIFT_STANDARD_LIBRARIES = YES;
				CODE_SIGN_STYLE = Automatic;
				CURRENT_PROJECT_VERSION = 1;
				GENERATE_INFOPLIST_FILE = YES;
				MARKETING_VERSION = 1.0;
				PRODUCT_BUNDLE_IDENTIFIER = "rmit.edu.vn.minh.my-2048UITests";
				PRODUCT_NAME = "$(TARGET_NAME)";
				SWIFT_EMIT_LOC_STRINGS = NO;
				SWIFT_VERSION = 5.0;
				TEST_TARGET_NAME = "my-2048";
			};
			name = Debug;
		};
		78CAB4562A8F2F7500C555A1 /* Release */ = {
			isa = XCBuildConfiguration;
			buildSettings = {
				ALWAYS_EMBED_SWIFT_STANDARD_LIBRARIES = YES;
				CODE_SIGN_STYLE = Automatic;
				CURRENT_PROJECT_VERSION = 1;
				GENERATE_INFOPLIST_FILE = YES;
				MARKETING_VERSION = 1.0;
				PRODUCT_BUNDLE_IDENTIFIER = "rmit.edu.vn.minh.my-2048UITests";
				PRODUCT_NAME = "$(TARGET_NAME)";
				SWIFT_EMIT_LOC_STRINGS = NO;
				SWIFT_VERSION = 5.0;
				TEST_TARGET_NAME = "my-2048";
			};
			name = Release;
		};
/* End XCBuildConfiguration section */

/* Begin XCConfigurationList section */
		78CAB4242A8F2F7400C555A1 /* Build configuration list for PBXProject "my-2048" */ = {
			isa = XCConfigurationList;
			buildConfigurations = (
				78CAB44C2A8F2F7500C555A1 /* Debug */,
				78CAB44D2A8F2F7500C555A1 /* Release */,
			);
			defaultConfigurationIsVisible = 0;
			defaultConfigurationName = Release;
		};
		78CAB44E2A8F2F7500C555A1 /* Build configuration list for PBXNativeTarget "my-2048" */ = {
			isa = XCConfigurationList;
			buildConfigurations = (
				78CAB44F2A8F2F7500C555A1 /* Debug */,
				78CAB4502A8F2F7500C555A1 /* Release */,
			);
			defaultConfigurationIsVisible = 0;
			defaultConfigurationName = Release;
		};
		78CAB4512A8F2F7500C555A1 /* Build configuration list for PBXNativeTarget "my-2048Tests" */ = {
			isa = XCConfigurationList;
			buildConfigurations = (
				78CAB4522A8F2F7500C555A1 /* Debug */,
				78CAB4532A8F2F7500C555A1 /* Release */,
			);
			defaultConfigurationIsVisible = 0;
			defaultConfigurationName = Release;
		};
		78CAB4542A8F2F7500C555A1 /* Build configuration list for PBXNativeTarget "my-2048UITests" */ = {
			isa = XCConfigurationList;
			buildConfigurations = (
				78CAB4552A8F2F7500C555A1 /* Debug */,
				78CAB4562A8F2F7500C555A1 /* Release */,
			);
			defaultConfigurationIsVisible = 0;
			defaultConfigurationName = Release;
		};
/* End XCConfigurationList section */
	};
	rootObject = 78CAB4212A8F2F7400C555A1 /* Project object */;
}
